
Microsoft Visual Studio Solution File, Format Version 12.00
# Visual Studio 15
VisualStudioVersion = 15.0.28010.2016
MinimumVisualStudioVersion = 10.0.40219.1
Project("{FAE04EC0-301F-11D3-BF4B-00C04F79EFBC}") = "IMS.Phone", "Labs\IMS.Phone.csproj", "{E9FF2A45-30F4-4A65-B985-8BE7940058AD}"
EndProject
Project("{2150E333-8FDC-42A3-9474-1A3956D46DE8}") = "Labs C_Sharp", "Labs C_Sharp", "{5A665A55-D69B-49B0-B278-81E85100EC7B}"
EndProject
Project("{FAE04EC0-301F-11D3-BF4B-00C04F79EFBC}") = "IMS.Playback.GUI", "Lab2\IMS.Playback.GUI.csproj", "{673FBA0C-E7D6-47E2-8114-6DE32906E68A}"
EndProject
Project("{FAE04EC0-301F-11D3-BF4B-00C04F79EFBC}") = "IMS.Playback", "IMS.Playback.Console\IMS.Playback.csproj", "{C498129B-DD01-4ED0-AC37-11524A10755A}"
EndProject
Project("{FAE04EC0-301F-11D3-BF4B-00C04F79EFBC}") = "IMS.Playback.GUI.Test", "IMS.Playback.GUI.Test\IMS.Playback.GUI.Test.csproj", "{D7BF105E-B5F9-481C-B920-F5E815267B43}"
EndProject
Project("{FAE04EC0-301F-11D3-BF4B-00C04F79EFBC}") = "IMS.SMS.GUI", "IMS.SMS.GUI\IMS.SMS.GUI.csproj", "{BB1FABB4-29DA-4534-A2D1-CD862A5089F5}"
EndProject
Project("{FAE04EC0-301F-11D3-BF4B-00C04F79EFBC}") = "IMS.SMS.Test", "IMS.SMS.Test\IMS.SMS.Test.csproj", "{82459FAE-A939-4D23-BCB0-6F0F4FB5B8B0}"
EndProject
Project("{2150E333-8FDC-42A3-9474-1A3956D46DE8}") = "Lab1", "Lab1", "{9CE82377-F1B0-4684-B281-B846324AD8F3}"
EndProject
Project("{2150E333-8FDC-42A3-9474-1A3956D46DE8}") = "Lab2", "Lab2", "{42D30894-8456-435E-B030-EBCAFDD8066C}"
EndProject
Project("{2150E333-8FDC-42A3-9474-1A3956D46DE8}") = "Lab3", "Lab3", "{271C9AF9-CCD6-4EC7-8811-76D65251AA6C}"
EndProject
Project("{2150E333-8FDC-42A3-9474-1A3956D46DE8}") = "Lab4", "Lab4", "{1FFFADF0-679D-42FB-8496-5EF6219C1539}"
EndProject
Project("{2150E333-8FDC-42A3-9474-1A3956D46DE8}") = "Lab5", "Lab5", "{7801064B-29DF-4DD4-B3E2-5161E117F230}"
EndProject
Project("{FAE04EC0-301F-11D3-BF4B-00C04F79EFBC}") = "IMS.SMS.Filter.GUI", "IMS.SMS.Filter.GUI\IMS.SMS.Filter.GUI.csproj", "{109B520C-64F8-4067-AD96-BA0F07A76E31}"
EndProject
Project("{FAE04EC0-301F-11D3-BF4B-00C04F79EFBC}") = "IMS.SMS.Filter.Test", "IMS.SMS.Filter.Test\IMS.SMS.Filter.Test.csproj", "{C94710B7-7561-4B55-B9E7-F8CA8D2B1B93}"
EndProject
Project("{FAE04EC0-301F-11D3-BF4B-00C04F79EFBC}") = "IMS.SMS.Charger.GUI", "IMS.SMS.Charger.GUI\IMS.SMS.Charger.GUI.csproj", "{5EBE5C9A-3B65-48EC-BBFC-030E1B5D58D2}"
EndProject
Global
	GlobalSection(SolutionConfigurationPlatforms) = preSolution
		Debug|Any CPU = Debug|Any CPU
		Debug|x64 = Debug|x64
		Debug|x86 = Debug|x86
		Release|Any CPU = Release|Any CPU
		Release|x64 = Release|x64
		Release|x86 = Release|x86
	EndGlobalSection
	GlobalSection(ProjectConfigurationPlatforms) = postSolution
		{E9FF2A45-30F4-4A65-B985-8BE7940058AD}.Debug|Any CPU.ActiveCfg = Debug|Any CPU
		{E9FF2A45-30F4-4A65-B985-8BE7940058AD}.Debug|Any CPU.Build.0 = Debug|Any CPU
		{E9FF2A45-30F4-4A65-B985-8BE7940058AD}.Debug|x64.ActiveCfg = Debug|Any CPU
		{E9FF2A45-30F4-4A65-B985-8BE7940058AD}.Debug|x64.Build.0 = Debug|Any CPU
		{E9FF2A45-30F4-4A65-B985-8BE7940058AD}.Debug|x86.ActiveCfg = Debug|Any CPU
		{E9FF2A45-30F4-4A65-B985-8BE7940058AD}.Debug|x86.Build.0 = Debug|Any CPU
		{E9FF2A45-30F4-4A65-B985-8BE7940058AD}.Release|Any CPU.ActiveCfg = Release|Any CPU
		{E9FF2A45-30F4-4A65-B985-8BE7940058AD}.Release|Any CPU.Build.0 = Release|Any CPU
		{E9FF2A45-30F4-4A65-B985-8BE7940058AD}.Release|x64.ActiveCfg = Release|Any CPU
		{E9FF2A45-30F4-4A65-B985-8BE7940058AD}.Release|x64.Build.0 = Release|Any CPU
		{E9FF2A45-30F4-4A65-B985-8BE7940058AD}.Release|x86.ActiveCfg = Release|Any CPU
		{E9FF2A45-30F4-4A65-B985-8BE7940058AD}.Release|x86.Build.0 = Release|Any CPU
		{673FBA0C-E7D6-47E2-8114-6DE32906E68A}.Debug|Any CPU.ActiveCfg = Debug|Any CPU
		{673FBA0C-E7D6-47E2-8114-6DE32906E68A}.Debug|Any CPU.Build.0 = Debug|Any CPU
		{673FBA0C-E7D6-47E2-8114-6DE32906E68A}.Debug|x64.ActiveCfg = Debug|Any CPU
		{673FBA0C-E7D6-47E2-8114-6DE32906E68A}.Debug|x64.Build.0 = Debug|Any CPU
		{673FBA0C-E7D6-47E2-8114-6DE32906E68A}.Debug|x86.ActiveCfg = Debug|Any CPU
		{673FBA0C-E7D6-47E2-8114-6DE32906E68A}.Debug|x86.Build.0 = Debug|Any CPU
		{673FBA0C-E7D6-47E2-8114-6DE32906E68A}.Release|Any CPU.ActiveCfg = Release|Any CPU
		{673FBA0C-E7D6-47E2-8114-6DE32906E68A}.Release|Any CPU.Build.0 = Release|Any CPU
		{673FBA0C-E7D6-47E2-8114-6DE32906E68A}.Release|x64.ActiveCfg = Release|Any CPU
		{673FBA0C-E7D6-47E2-8114-6DE32906E68A}.Release|x64.Build.0 = Release|Any CPU
		{673FBA0C-E7D6-47E2-8114-6DE32906E68A}.Release|x86.ActiveCfg = Release|Any CPU
		{673FBA0C-E7D6-47E2-8114-6DE32906E68A}.Release|x86.Build.0 = Release|Any CPU
		{C498129B-DD01-4ED0-AC37-11524A10755A}.Debug|Any CPU.ActiveCfg = Debug|Any CPU
		{C498129B-DD01-4ED0-AC37-11524A10755A}.Debug|Any CPU.Build.0 = Debug|Any CPU
		{C498129B-DD01-4ED0-AC37-11524A10755A}.Debug|x64.ActiveCfg = Debug|Any CPU
		{C498129B-DD01-4ED0-AC37-11524A10755A}.Debug|x64.Build.0 = Debug|Any CPU
		{C498129B-DD01-4ED0-AC37-11524A10755A}.Debug|x86.ActiveCfg = Debug|Any CPU
		{C498129B-DD01-4ED0-AC37-11524A10755A}.Debug|x86.Build.0 = Debug|Any CPU
		{C498129B-DD01-4ED0-AC37-11524A10755A}.Release|Any CPU.ActiveCfg = Release|Any CPU
		{C498129B-DD01-4ED0-AC37-11524A10755A}.Release|Any CPU.Build.0 = Release|Any CPU
		{C498129B-DD01-4ED0-AC37-11524A10755A}.Release|x64.ActiveCfg = Release|Any CPU
		{C498129B-DD01-4ED0-AC37-11524A10755A}.Release|x64.Build.0 = Release|Any CPU
		{C498129B-DD01-4ED0-AC37-11524A10755A}.Release|x86.ActiveCfg = Release|Any CPU
		{C498129B-DD01-4ED0-AC37-11524A10755A}.Release|x86.Build.0 = Release|Any CPU
		{D7BF105E-B5F9-481C-B920-F5E815267B43}.Debug|Any CPU.ActiveCfg = Debug|Any CPU
		{D7BF105E-B5F9-481C-B920-F5E815267B43}.Debug|Any CPU.Build.0 = Debug|Any CPU
		{D7BF105E-B5F9-481C-B920-F5E815267B43}.Debug|x64.ActiveCfg = Debug|Any CPU
		{D7BF105E-B5F9-481C-B920-F5E815267B43}.Debug|x64.Build.0 = Debug|Any CPU
		{D7BF105E-B5F9-481C-B920-F5E815267B43}.Debug|x86.ActiveCfg = Debug|Any CPU
		{D7BF105E-B5F9-481C-B920-F5E815267B43}.Debug|x86.Build.0 = Debug|Any CPU
		{D7BF105E-B5F9-481C-B920-F5E815267B43}.Release|Any CPU.ActiveCfg = Release|Any CPU
		{D7BF105E-B5F9-481C-B920-F5E815267B43}.Release|Any CPU.Build.0 = Release|Any CPU
		{D7BF105E-B5F9-481C-B920-F5E815267B43}.Release|x64.ActiveCfg = Release|Any CPU
		{D7BF105E-B5F9-481C-B920-F5E815267B43}.Release|x64.Build.0 = Release|Any CPU
		{D7BF105E-B5F9-481C-B920-F5E815267B43}.Release|x86.ActiveCfg = Release|Any CPU
		{D7BF105E-B5F9-481C-B920-F5E815267B43}.Release|x86.Build.0 = Release|Any CPU
		{BB1FABB4-29DA-4534-A2D1-CD862A5089F5}.Debug|Any CPU.ActiveCfg = Debug|Any CPU
		{BB1FABB4-29DA-4534-A2D1-CD862A5089F5}.Debug|Any CPU.Build.0 = Debug|Any CPU
		{BB1FABB4-29DA-4534-A2D1-CD862A5089F5}.Debug|x64.ActiveCfg = Debug|Any CPU
		{BB1FABB4-29DA-4534-A2D1-CD862A5089F5}.Debug|x64.Build.0 = Debug|Any CPU
		{BB1FABB4-29DA-4534-A2D1-CD862A5089F5}.Debug|x86.ActiveCfg = Debug|Any CPU
		{BB1FABB4-29DA-4534-A2D1-CD862A5089F5}.Debug|x86.Build.0 = Debug|Any CPU
		{BB1FABB4-29DA-4534-A2D1-CD862A5089F5}.Release|Any CPU.ActiveCfg = Release|Any CPU
		{BB1FABB4-29DA-4534-A2D1-CD862A5089F5}.Release|Any CPU.Build.0 = Release|Any CPU
		{BB1FABB4-29DA-4534-A2D1-CD862A5089F5}.Release|x64.ActiveCfg = Release|Any CPU
		{BB1FABB4-29DA-4534-A2D1-CD862A5089F5}.Release|x64.Build.0 = Release|Any CPU
		{BB1FABB4-29DA-4534-A2D1-CD862A5089F5}.Release|x86.ActiveCfg = Release|Any CPU
		{BB1FABB4-29DA-4534-A2D1-CD862A5089F5}.Release|x86.Build.0 = Release|Any CPU
		{82459FAE-A939-4D23-BCB0-6F0F4FB5B8B0}.Debug|Any CPU.ActiveCfg = Debug|Any CPU
		{82459FAE-A939-4D23-BCB0-6F0F4FB5B8B0}.Debug|Any CPU.Build.0 = Debug|Any CPU
		{82459FAE-A939-4D23-BCB0-6F0F4FB5B8B0}.Debug|x64.ActiveCfg = Debug|Any CPU
		{82459FAE-A939-4D23-BCB0-6F0F4FB5B8B0}.Debug|x64.Build.0 = Debug|Any CPU
		{82459FAE-A939-4D23-BCB0-6F0F4FB5B8B0}.Debug|x86.ActiveCfg = Debug|Any CPU
		{82459FAE-A939-4D23-BCB0-6F0F4FB5B8B0}.Debug|x86.Build.0 = Debug|Any CPU
		{82459FAE-A939-4D23-BCB0-6F0F4FB5B8B0}.Release|Any CPU.ActiveCfg = Release|Any CPU
		{82459FAE-A939-4D23-BCB0-6F0F4FB5B8B0}.Release|Any CPU.Build.0 = Release|Any CPU
		{82459FAE-A939-4D23-BCB0-6F0F4FB5B8B0}.Release|x64.ActiveCfg = Release|Any CPU
		{82459FAE-A939-4D23-BCB0-6F0F4FB5B8B0}.Release|x64.Build.0 = Release|Any CPU
		{82459FAE-A939-4D23-BCB0-6F0F4FB5B8B0}.Release|x86.ActiveCfg = Release|Any CPU
		{82459FAE-A939-4D23-BCB0-6F0F4FB5B8B0}.Release|x86.Build.0 = Release|Any CPU
		{109B520C-64F8-4067-AD96-BA0F07A76E31}.Debug|Any CPU.ActiveCfg = Debug|Any CPU
		{109B520C-64F8-4067-AD96-BA0F07A76E31}.Debug|Any CPU.Build.0 = Debug|Any CPU
		{109B520C-64F8-4067-AD96-BA0F07A76E31}.Debug|x64.ActiveCfg = Debug|Any CPU
		{109B520C-64F8-4067-AD96-BA0F07A76E31}.Debug|x64.Build.0 = Debug|Any CPU
		{109B520C-64F8-4067-AD96-BA0F07A76E31}.Debug|x86.ActiveCfg = Debug|Any CPU
		{109B520C-64F8-4067-AD96-BA0F07A76E31}.Debug|x86.Build.0 = Debug|Any CPU
		{109B520C-64F8-4067-AD96-BA0F07A76E31}.Release|Any CPU.ActiveCfg = Release|Any CPU
		{109B520C-64F8-4067-AD96-BA0F07A76E31}.Release|Any CPU.Build.0 = Release|Any CPU
		{109B520C-64F8-4067-AD96-BA0F07A76E31}.Release|x64.ActiveCfg = Release|Any CPU
		{109B520C-64F8-4067-AD96-BA0F07A76E31}.Release|x64.Build.0 = Release|Any CPU
		{109B520C-64F8-4067-AD96-BA0F07A76E31}.Release|x86.ActiveCfg = Release|Any CPU
		{109B520C-64F8-4067-AD96-BA0F07A76E31}.Release|x86.Build.0 = Release|Any CPU
		{C94710B7-7561-4B55-B9E7-F8CA8D2B1B93}.Debug|Any CPU.ActiveCfg = Debug|Any CPU
		{C94710B7-7561-4B55-B9E7-F8CA8D2B1B93}.Debug|Any CPU.Build.0 = Debug|Any CPU
		{C94710B7-7561-4B55-B9E7-F8CA8D2B1B93}.Debug|x64.ActiveCfg = Debug|Any CPU
		{C94710B7-7561-4B55-B9E7-F8CA8D2B1B93}.Debug|x64.Build.0 = Debug|Any CPU
		{C94710B7-7561-4B55-B9E7-F8CA8D2B1B93}.Debug|x86.ActiveCfg = Debug|Any CPU
		{C94710B7-7561-4B55-B9E7-F8CA8D2B1B93}.Debug|x86.Build.0 = Debug|Any CPU
		{C94710B7-7561-4B55-B9E7-F8CA8D2B1B93}.Release|Any CPU.ActiveCfg = Release|Any CPU
		{C94710B7-7561-4B55-B9E7-F8CA8D2B1B93}.Release|Any CPU.Build.0 = Release|Any CPU
		{C94710B7-7561-4B55-B9E7-F8CA8D2B1B93}.Release|x64.ActiveCfg = Release|Any CPU
		{C94710B7-7561-4B55-B9E7-F8CA8D2B1B93}.Release|x64.Build.0 = Release|Any CPU
		{C94710B7-7561-4B55-B9E7-F8CA8D2B1B93}.Release|x86.ActiveCfg = Release|Any CPU
		{C94710B7-7561-4B55-B9E7-F8CA8D2B1B93}.Release|x86.Build.0 = Release|Any CPU
		{5EBE5C9A-3B65-48EC-BBFC-030E1B5D58D2}.Debug|Any CPU.ActiveCfg = Debug|Any CPU
		{5EBE5C9A-3B65-48EC-BBFC-030E1B5D58D2}.Debug|Any CPU.Build.0 = Debug|Any CPU
		{5EBE5C9A-3B65-48EC-BBFC-030E1B5D58D2}.Debug|x64.ActiveCfg = Debug|Any CPU
		{5EBE5C9A-3B65-48EC-BBFC-030E1B5D58D2}.Debug|x64.Build.0 = Debug|Any CPU
		{5EBE5C9A-3B65-48EC-BBFC-030E1B5D58D2}.Debug|x86.ActiveCfg = Debug|Any CPU
		{5EBE5C9A-3B65-48EC-BBFC-030E1B5D58D2}.Debug|x86.Build.0 = Debug|Any CPU
		{5EBE5C9A-3B65-48EC-BBFC-030E1B5D58D2}.Release|Any CPU.ActiveCfg = Release|Any CPU
		{5EBE5C9A-3B65-48EC-BBFC-030E1B5D58D2}.Release|Any CPU.Build.0 = Release|Any CPU
		{5EBE5C9A-3B65-48EC-BBFC-030E1B5D58D2}.Release|x64.ActiveCfg = Release|Any CPU
		{5EBE5C9A-3B65-48EC-BBFC-030E1B5D58D2}.Release|x64.Build.0 = Release|Any CPU
		{5EBE5C9A-3B65-48EC-BBFC-030E1B5D58D2}.Release|x86.ActiveCfg = Release|Any CPU
		{5EBE5C9A-3B65-48EC-BBFC-030E1B5D58D2}.Release|x86.Build.0 = Release|Any CPU
	EndGlobalSection
	GlobalSection(SolutionProperties) = preSolution
		HideSolutionNode = FALSE
	EndGlobalSection
	GlobalSection(NestedProjects) = preSolution
		{E9FF2A45-30F4-4A65-B985-8BE7940058AD} = {9CE82377-F1B0-4684-B281-B846324AD8F3}
		{673FBA0C-E7D6-47E2-8114-6DE32906E68A} = {42D30894-8456-435E-B030-EBCAFDD8066C}
		{C498129B-DD01-4ED0-AC37-11524A10755A} = {42D30894-8456-435E-B030-EBCAFDD8066C}
		{D7BF105E-B5F9-481C-B920-F5E815267B43} = {42D30894-8456-435E-B030-EBCAFDD8066C}
		{BB1FABB4-29DA-4534-A2D1-CD862A5089F5} = {271C9AF9-CCD6-4EC7-8811-76D65251AA6C}
		{82459FAE-A939-4D23-BCB0-6F0F4FB5B8B0} = {271C9AF9-CCD6-4EC7-8811-76D65251AA6C}
		{9CE82377-F1B0-4684-B281-B846324AD8F3} = {5A665A55-D69B-49B0-B278-81E85100EC7B}
		{42D30894-8456-435E-B030-EBCAFDD8066C} = {5A665A55-D69B-49B0-B278-81E85100EC7B}
		{271C9AF9-CCD6-4EC7-8811-76D65251AA6C} = {5A665A55-D69B-49B0-B278-81E85100EC7B}
		{1FFFADF0-679D-42FB-8496-5EF6219C1539} = {5A665A55-D69B-49B0-B278-81E85100EC7B}
		{7801064B-29DF-4DD4-B3E2-5161E117F230} = {5A665A55-D69B-49B0-B278-81E85100EC7B}
		{109B520C-64F8-4067-AD96-BA0F07A76E31} = {1FFFADF0-679D-42FB-8496-5EF6219C1539}
		{C94710B7-7561-4B55-B9E7-F8CA8D2B1B93} = {1FFFADF0-679D-42FB-8496-5EF6219C1539}
		{5EBE5C9A-3B65-48EC-BBFC-030E1B5D58D2} = {7801064B-29DF-4DD4-B3E2-5161E117F230}
	EndGlobalSection
	GlobalSection(ExtensibilityGlobals) = postSolution
		SolutionGuid = {379B5364-AE8A-4537-850A-780E293C71A9}
	EndGlobalSection
EndGlobal
