
Microsoft Visual Studio Solution File, Format Version 12.00
# Visual Studio 15
VisualStudioVersion = 15.0.28010.2016
MinimumVisualStudioVersion = 10.0.40219.1
Project("{FAE04EC0-301F-11D3-BF4B-00C04F79EFBC}") = "Lab1", "Labs\Lab1.csproj", "{E9FF2A45-30F4-4A65-B985-8BE7940058AD}"
EndProject
Project("{2150E333-8FDC-42A3-9474-1A3956D46DE8}") = "Labs C_Sharp", "Labs C_Sharp", "{5A665A55-D69B-49B0-B278-81E85100EC7B}"
EndProject
Global
	GlobalSection(SolutionConfigurationPlatforms) = preSolution
		Debug|Any CPU = Debug|Any CPU
		Release|Any CPU = Release|Any CPU
	EndGlobalSection
	GlobalSection(ProjectConfigurationPlatforms) = postSolution
		{E9FF2A45-30F4-4A65-B985-8BE7940058AD}.Debug|Any CPU.ActiveCfg = Debug|Any CPU
		{E9FF2A45-30F4-4A65-B985-8BE7940058AD}.Debug|Any CPU.Build.0 = Debug|Any CPU
		{E9FF2A45-30F4-4A65-B985-8BE7940058AD}.Release|Any CPU.ActiveCfg = Release|Any CPU
		{E9FF2A45-30F4-4A65-B985-8BE7940058AD}.Release|Any CPU.Build.0 = Release|Any CPU
	EndGlobalSection
	GlobalSection(SolutionProperties) = preSolution
		HideSolutionNode = FALSE
	EndGlobalSection
	GlobalSection(NestedProjects) = preSolution
		{E9FF2A45-30F4-4A65-B985-8BE7940058AD} = {5A665A55-D69B-49B0-B278-81E85100EC7B}
	EndGlobalSection
	GlobalSection(ExtensibilityGlobals) = postSolution
		SolutionGuid = {379B5364-AE8A-4537-850A-780E293C71A9}
	EndGlobalSection
EndGlobal
